// !$*UTF8*$!
{
	archiveVersion = 1;
	classes = {
	};
	objectVersion = 46;
	objects = {

/* Begin PBXBuildFile section */
		004D65451ED051EC00C4C5EC /* GymTableViewController.swift in Sources */ = {isa = PBXBuildFile; fileRef = 004D65441ED051EC00C4C5EC /* GymTableViewController.swift */; };
		6F177A771EC97AB500A74C33 /* MusicPlayerViewController.swift in Sources */ = {isa = PBXBuildFile; fileRef = 6F177A761EC97AB500A74C33 /* MusicPlayerViewController.swift */; };
		6F556FEB1EC731C4003E20D7 /* CounterdowntimerViewController.swift in Sources */ = {isa = PBXBuildFile; fileRef = 6F556FEA1EC731C4003E20D7 /* CounterdowntimerViewController.swift */; };
		6F5ACCD61ECC008700BC4100 /* Model.xcdatamodeld in Sources */ = {isa = PBXBuildFile; fileRef = 6F5ACCD41ECC008700BC4100 /* Model.xcdatamodeld */; };
		6F5ACCDA1ECC16E400BC4100 /* AddDataViewController.swift in Sources */ = {isa = PBXBuildFile; fileRef = 6F5ACCD91ECC16E400BC4100 /* AddDataViewController.swift */; };
		6F5ACCDC1ECC16FF00BC4100 /* TableViewController.swift in Sources */ = {isa = PBXBuildFile; fileRef = 6F5ACCDB1ECC16FF00BC4100 /* TableViewController.swift */; };
		6F7D1BBF1EC9B63800AC3EC4 /* love yourself.mp3 in Resources */ = {isa = PBXBuildFile; fileRef = 6F7D1BBE1EC9B63800AC3EC4 /* love yourself.mp3 */; };
		6F7D1BC11EC9B83400AC3EC4 /* With you.mp3 in Resources */ = {isa = PBXBuildFile; fileRef = 6F7D1BC01EC9B83400AC3EC4 /* With you.mp3 */; };
		6F7D1BC31EC9B87C00AC3EC4 /* Summer.mp3 in Resources */ = {isa = PBXBuildFile; fileRef = 6F7D1BC21EC9B87C00AC3EC4 /* Summer.mp3 */; };
		6F7D1BC51EC9B88800AC3EC4 /* you come too.mp3 in Resources */ = {isa = PBXBuildFile; fileRef = 6F7D1BC41EC9B88800AC3EC4 /* you come too.mp3 */; };
		6F7D1BC71EC9B89000AC3EC4 /* Before i sleep.mp3 in Resources */ = {isa = PBXBuildFile; fileRef = 6F7D1BC61EC9B89000AC3EC4 /* Before i sleep.mp3 */; };
		6F7D1BC91EC9C8A800AC3EC4 /* love yourself.jpg in Resources */ = {isa = PBXBuildFile; fileRef = 6F7D1BC81EC9C8A800AC3EC4 /* love yourself.jpg */; };
		6F7D1BCB1EC9CAE600AC3EC4 /* With you.jpg in Resources */ = {isa = PBXBuildFile; fileRef = 6F7D1BCA1EC9CAE600AC3EC4 /* With you.jpg */; };
		6F7D1BCD1EC9CB4400AC3EC4 /* summer.jpg in Resources */ = {isa = PBXBuildFile; fileRef = 6F7D1BCC1EC9CB4400AC3EC4 /* summer.jpg */; };
		6F7D1BCF1EC9CC1F00AC3EC4 /* you come too.jpg in Resources */ = {isa = PBXBuildFile; fileRef = 6F7D1BCE1EC9CC1F00AC3EC4 /* you come too.jpg */; };
		6F7D1BD11EC9CD2A00AC3EC4 /* Before i sleep.jpg in Resources */ = {isa = PBXBuildFile; fileRef = 6F7D1BD01EC9CD2A00AC3EC4 /* Before i sleep.jpg */; };
		6FC0FDC11EC6F8DD007ECA9B /* pricedown bl.ttf in Resources */ = {isa = PBXBuildFile; fileRef = 6FC0FDBF1EC6F0C6007ECA9B /* pricedown bl.ttf */; };
		6FC0FDC41EC6FBFE007ECA9B /* Golden.ttf in Resources */ = {isa = PBXBuildFile; fileRef = 6FC0FDC31EC6FB60007ECA9B /* Golden.ttf */; };
		6FC0FDC61EC6FECB007ECA9B /* timerViewController.swift in Sources */ = {isa = PBXBuildFile; fileRef = 6FC0FDC51EC6FECB007ECA9B /* timerViewController.swift */; };
		6FC0FDC91EC70772007ECA9B /* CoreLocation.framework in Frameworks */ = {isa = PBXBuildFile; fileRef = 6FC0FDC81EC70772007ECA9B /* CoreLocation.framework */; };
		6FC0FDCB1EC7082C007ECA9B /* MapViewController.swift in Sources */ = {isa = PBXBuildFile; fileRef = 6FC0FDCA1EC7082C007ECA9B /* MapViewController.swift */; };
		6FF0DA5F1EB5BCC30071850A /* AppDelegate.swift in Sources */ = {isa = PBXBuildFile; fileRef = 6FF0DA5E1EB5BCC30071850A /* AppDelegate.swift */; };
		6FF0DA611EB5BCC30071850A /* ViewController.swift in Sources */ = {isa = PBXBuildFile; fileRef = 6FF0DA601EB5BCC30071850A /* ViewController.swift */; };
		6FF0DA641EB5BCC30071850A /* Main.storyboard in Resources */ = {isa = PBXBuildFile; fileRef = 6FF0DA621EB5BCC30071850A /* Main.storyboard */; };
		6FF0DA661EB5BCC30071850A /* Assets.xcassets in Resources */ = {isa = PBXBuildFile; fileRef = 6FF0DA651EB5BCC30071850A /* Assets.xcassets */; };
		6FF0DA691EB5BCC30071850A /* LaunchScreen.storyboard in Resources */ = {isa = PBXBuildFile; fileRef = 6FF0DA671EB5BCC30071850A /* LaunchScreen.storyboard */; };
		6FF0DA741EB5BCC30071850A /* projectTests.swift in Sources */ = {isa = PBXBuildFile; fileRef = 6FF0DA731EB5BCC30071850A /* projectTests.swift */; };
		6FF0DA7F1EB5BCC30071850A /* projectUITests.swift in Sources */ = {isa = PBXBuildFile; fileRef = 6FF0DA7E1EB5BCC30071850A /* projectUITests.swift */; };
/* End PBXBuildFile section */

/* Begin PBXContainerItemProxy section */
		6FF0DA701EB5BCC30071850A /* PBXContainerItemProxy */ = {
			isa = PBXContainerItemProxy;
			containerPortal = 6FF0DA531EB5BCC30071850A /* Project object */;
			proxyType = 1;
			remoteGlobalIDString = 6FF0DA5A1EB5BCC30071850A;
			remoteInfo = project;
		};
		6FF0DA7B1EB5BCC30071850A /* PBXContainerItemProxy */ = {
			isa = PBXContainerItemProxy;
			containerPortal = 6FF0DA531EB5BCC30071850A /* Project object */;
			proxyType = 1;
			remoteGlobalIDString = 6FF0DA5A1EB5BCC30071850A;
			remoteInfo = project;
		};
/* End PBXContainerItemProxy section */

/* Begin PBXFileReference section */
		004D65441ED051EC00C4C5EC /* GymTableViewController.swift */ = {isa = PBXFileReference; fileEncoding = 4; lastKnownFileType = sourcecode.swift; name = GymTableViewController.swift; path = ../GymTableViewController.swift; sourceTree = "<group>"; };
		6F177A761EC97AB500A74C33 /* MusicPlayerViewController.swift */ = {isa = PBXFileReference; fileEncoding = 4; lastKnownFileType = sourcecode.swift; name = MusicPlayerViewController.swift; path = ../MusicPlayerViewController.swift; sourceTree = "<group>"; };
		6F556FEA1EC731C4003E20D7 /* CounterdowntimerViewController.swift */ = {isa = PBXFileReference; fileEncoding = 4; lastKnownFileType = sourcecode.swift; path = CounterdowntimerViewController.swift; sourceTree = "<group>"; };
		6F5ACCD51ECC008700BC4100 /* Model.xcdatamodel */ = {isa = PBXFileReference; lastKnownFileType = wrapper.xcdatamodel; path = Model.xcdatamodel; sourceTree = "<group>"; };
		6F5ACCD91ECC16E400BC4100 /* AddDataViewController.swift */ = {isa = PBXFileReference; fileEncoding = 4; lastKnownFileType = sourcecode.swift; path = AddDataViewController.swift; sourceTree = "<group>"; };
		6F5ACCDB1ECC16FF00BC4100 /* TableViewController.swift */ = {isa = PBXFileReference; fileEncoding = 4; lastKnownFileType = sourcecode.swift; path = TableViewController.swift; sourceTree = "<group>"; };
		6F7D1BBE1EC9B63800AC3EC4 /* love yourself.mp3 */ = {isa = PBXFileReference; lastKnownFileType = audio.mp3; name = "love yourself.mp3"; path = "project/love yourself.mp3"; sourceTree = "<group>"; };
		6F7D1BC01EC9B83400AC3EC4 /* With you.mp3 */ = {isa = PBXFileReference; lastKnownFileType = audio.mp3; name = "With you.mp3"; path = "project/With you.mp3"; sourceTree = "<group>"; };
		6F7D1BC21EC9B87C00AC3EC4 /* Summer.mp3 */ = {isa = PBXFileReference; lastKnownFileType = audio.mp3; name = Summer.mp3; path = project/Summer.mp3; sourceTree = "<group>"; };
		6F7D1BC41EC9B88800AC3EC4 /* you come too.mp3 */ = {isa = PBXFileReference; lastKnownFileType = audio.mp3; name = "you come too.mp3"; path = "project/you come too.mp3"; sourceTree = "<group>"; };
		6F7D1BC61EC9B89000AC3EC4 /* Before i sleep.mp3 */ = {isa = PBXFileReference; lastKnownFileType = audio.mp3; name = "Before i sleep.mp3"; path = "project/Before i sleep.mp3"; sourceTree = "<group>"; };
		6F7D1BC81EC9C8A800AC3EC4 /* love yourself.jpg */ = {isa = PBXFileReference; lastKnownFileType = image.jpeg; name = "love yourself.jpg"; path = "project/love yourself.jpg"; sourceTree = "<group>"; };
		6F7D1BCA1EC9CAE600AC3EC4 /* With you.jpg */ = {isa = PBXFileReference; lastKnownFileType = image.jpeg; name = "With you.jpg"; path = "project/With you.jpg"; sourceTree = "<group>"; };
		6F7D1BCC1EC9CB4400AC3EC4 /* summer.jpg */ = {isa = PBXFileReference; lastKnownFileType = image.jpeg; name = summer.jpg; path = project/summer.jpg; sourceTree = "<group>"; };
		6F7D1BCE1EC9CC1F00AC3EC4 /* you come too.jpg */ = {isa = PBXFileReference; lastKnownFileType = image.jpeg; name = "you come too.jpg"; path = "project/you come too.jpg"; sourceTree = "<group>"; };
		6F7D1BD01EC9CD2A00AC3EC4 /* Before i sleep.jpg */ = {isa = PBXFileReference; lastKnownFileType = image.jpeg; name = "Before i sleep.jpg"; path = "project/Before i sleep.jpg"; sourceTree = "<group>"; };
		6FC0FDBF1EC6F0C6007ECA9B /* pricedown bl.ttf */ = {isa = PBXFileReference; lastKnownFileType = file; path = "pricedown bl.ttf"; sourceTree = "<group>"; };
		6FC0FDC01EC6F52F007ECA9B /* abuse.ttf */ = {isa = PBXFileReference; lastKnownFileType = file; path = abuse.ttf; sourceTree = "<group>"; };
		6FC0FDC31EC6FB60007ECA9B /* Golden.ttf */ = {isa = PBXFileReference; lastKnownFileType = file; path = Golden.ttf; sourceTree = "<group>"; };
		6FC0FDC51EC6FECB007ECA9B /* timerViewController.swift */ = {isa = PBXFileReference; fileEncoding = 4; lastKnownFileType = sourcecode.swift; path = timerViewController.swift; sourceTree = "<group>"; };
		6FC0FDC81EC70772007ECA9B /* CoreLocation.framework */ = {isa = PBXFileReference; lastKnownFileType = wrapper.framework; name = CoreLocation.framework; path = System/Library/Frameworks/CoreLocation.framework; sourceTree = SDKROOT; };
		6FC0FDCA1EC7082C007ECA9B /* MapViewController.swift */ = {isa = PBXFileReference; fileEncoding = 4; lastKnownFileType = sourcecode.swift; path = MapViewController.swift; sourceTree = "<group>"; };
		6FF0DA5B1EB5BCC30071850A /* Fitness For Life.app */ = {isa = PBXFileReference; explicitFileType = wrapper.application; includeInIndex = 0; path = "Fitness For Life.app"; sourceTree = BUILT_PRODUCTS_DIR; };
		6FF0DA5E1EB5BCC30071850A /* AppDelegate.swift */ = {isa = PBXFileReference; lastKnownFileType = sourcecode.swift; path = AppDelegate.swift; sourceTree = "<group>"; };
		6FF0DA601EB5BCC30071850A /* ViewController.swift */ = {isa = PBXFileReference; lastKnownFileType = sourcecode.swift; path = ViewController.swift; sourceTree = "<group>"; };
		6FF0DA631EB5BCC30071850A /* Base */ = {isa = PBXFileReference; lastKnownFileType = file.storyboard; name = Base; path = Base.lproj/Main.storyboard; sourceTree = "<group>"; };
		6FF0DA651EB5BCC30071850A /* Assets.xcassets */ = {isa = PBXFileReference; lastKnownFileType = folder.assetcatalog; path = Assets.xcassets; sourceTree = "<group>"; };
		6FF0DA681EB5BCC30071850A /* Base */ = {isa = PBXFileReference; lastKnownFileType = file.storyboard; name = Base; path = Base.lproj/LaunchScreen.storyboard; sourceTree = "<group>"; };
		6FF0DA6A1EB5BCC30071850A /* Info.plist */ = {isa = PBXFileReference; lastKnownFileType = text.plist.xml; path = Info.plist; sourceTree = "<group>"; };
		6FF0DA6F1EB5BCC30071850A /* Fitness For LifeTests.xctest */ = {isa = PBXFileReference; explicitFileType = wrapper.cfbundle; includeInIndex = 0; path = "Fitness For LifeTests.xctest"; sourceTree = BUILT_PRODUCTS_DIR; };
		6FF0DA731EB5BCC30071850A /* projectTests.swift */ = {isa = PBXFileReference; lastKnownFileType = sourcecode.swift; path = projectTests.swift; sourceTree = "<group>"; };
		6FF0DA751EB5BCC30071850A /* Info.plist */ = {isa = PBXFileReference; lastKnownFileType = text.plist.xml; path = Info.plist; sourceTree = "<group>"; };
		6FF0DA7A1EB5BCC30071850A /* Fitness For LifeUITests.xctest */ = {isa = PBXFileReference; explicitFileType = wrapper.cfbundle; includeInIndex = 0; path = "Fitness For LifeUITests.xctest"; sourceTree = BUILT_PRODUCTS_DIR; };
		6FF0DA7E1EB5BCC30071850A /* projectUITests.swift */ = {isa = PBXFileReference; lastKnownFileType = sourcecode.swift; path = projectUITests.swift; sourceTree = "<group>"; };
		6FF0DA801EB5BCC30071850A /* Info.plist */ = {isa = PBXFileReference; lastKnownFileType = text.plist.xml; path = Info.plist; sourceTree = "<group>"; };
/* End PBXFileReference section */

/* Begin PBXFrameworksBuildPhase section */
		6FF0DA581EB5BCC30071850A /* Frameworks */ = {
			isa = PBXFrameworksBuildPhase;
			buildActionMask = 2147483647;
			files = (
				6FC0FDC91EC70772007ECA9B /* CoreLocation.framework in Frameworks */,
			);
			runOnlyForDeploymentPostprocessing = 0;
		};
		6FF0DA6C1EB5BCC30071850A /* Frameworks */ = {
			isa = PBXFrameworksBuildPhase;
			buildActionMask = 2147483647;
			files = (
			);
			runOnlyForDeploymentPostprocessing = 0;
		};
		6FF0DA771EB5BCC30071850A /* Frameworks */ = {
			isa = PBXFrameworksBuildPhase;
			buildActionMask = 2147483647;
			files = (
			);
			runOnlyForDeploymentPostprocessing = 0;
		};
/* End PBXFrameworksBuildPhase section */

/* Begin PBXGroup section */
		6F7D1BD31EC9CE7B00AC3EC4 /* Music and Image files */ = {
			isa = PBXGroup;
			children = (
				6F7D1BBE1EC9B63800AC3EC4 /* love yourself.mp3 */,
				6F7D1BC81EC9C8A800AC3EC4 /* love yourself.jpg */,
				6F7D1BC01EC9B83400AC3EC4 /* With you.mp3 */,
				6F7D1BCA1EC9CAE600AC3EC4 /* With you.jpg */,
				6F7D1BC21EC9B87C00AC3EC4 /* Summer.mp3 */,
				6F7D1BCC1EC9CB4400AC3EC4 /* summer.jpg */,
				6F7D1BC41EC9B88800AC3EC4 /* you come too.mp3 */,
				6F7D1BCE1EC9CC1F00AC3EC4 /* you come too.jpg */,
				6F7D1BC61EC9B89000AC3EC4 /* Before i sleep.mp3 */,
				6F7D1BD01EC9CD2A00AC3EC4 /* Before i sleep.jpg */,
			);
			name = "Music and Image files";
			path = ..;
			sourceTree = "<group>";
		};
		6FC0FDC71EC70772007ECA9B /* Frameworks */ = {
			isa = PBXGroup;
			children = (
				6FC0FDC81EC70772007ECA9B /* CoreLocation.framework */,
			);
			name = Frameworks;
			sourceTree = "<group>";
		};
		6FF0DA521EB5BCC30071850A = {
			isa = PBXGroup;
			children = (
				6FF0DA5D1EB5BCC30071850A /* project */,
				6FF0DA721EB5BCC30071850A /* projectTests */,
				6FF0DA7D1EB5BCC30071850A /* projectUITests */,
				6FF0DA5C1EB5BCC30071850A /* Products */,
				6FC0FDC71EC70772007ECA9B /* Frameworks */,
			);
			sourceTree = "<group>";
		};
		6FF0DA5C1EB5BCC30071850A /* Products */ = {
			isa = PBXGroup;
			children = (
				6FF0DA5B1EB5BCC30071850A /* Fitness For Life.app */,
				6FF0DA6F1EB5BCC30071850A /* Fitness For LifeTests.xctest */,
				6FF0DA7A1EB5BCC30071850A /* Fitness For LifeUITests.xctest */,
			);
			name = Products;
			sourceTree = "<group>";
		};
		6FF0DA5D1EB5BCC30071850A /* project */ = {
			isa = PBXGroup;
			children = (
				6F7D1BD31EC9CE7B00AC3EC4 /* Music and Image files */,
				6F177A761EC97AB500A74C33 /* MusicPlayerViewController.swift */,
				6FF0DA5E1EB5BCC30071850A /* AppDelegate.swift */,
				004D65441ED051EC00C4C5EC /* GymTableViewController.swift */,
				6F5ACCD41ECC008700BC4100 /* Model.xcdatamodeld */,
				6FF0DA601EB5BCC30071850A /* ViewController.swift */,
				6FF0DA621EB5BCC30071850A /* Main.storyboard */,
				6F5ACCD91ECC16E400BC4100 /* AddDataViewController.swift */,
				6F5ACCDB1ECC16FF00BC4100 /* TableViewController.swift */,
				6F556FEA1EC731C4003E20D7 /* CounterdowntimerViewController.swift */,
				6FC0FDCA1EC7082C007ECA9B /* MapViewController.swift */,
				6FC0FDC51EC6FECB007ECA9B /* timerViewController.swift */,
				6FC0FDBF1EC6F0C6007ECA9B /* pricedown bl.ttf */,
				6FC0FDC01EC6F52F007ECA9B /* abuse.ttf */,
				6FF0DA651EB5BCC30071850A /* Assets.xcassets */,
				6FC0FDC31EC6FB60007ECA9B /* Golden.ttf */,
				6FF0DA671EB5BCC30071850A /* LaunchScreen.storyboard */,
				6FF0DA6A1EB5BCC30071850A /* Info.plist */,
			);
			path = project;
			sourceTree = "<group>";
		};
		6FF0DA721EB5BCC30071850A /* projectTests */ = {
			isa = PBXGroup;
			children = (
				6FF0DA731EB5BCC30071850A /* projectTests.swift */,
				6FF0DA751EB5BCC30071850A /* Info.plist */,
			);
			path = projectTests;
			sourceTree = "<group>";
		};
		6FF0DA7D1EB5BCC30071850A /* projectUITests */ = {
			isa = PBXGroup;
			children = (
				6FF0DA7E1EB5BCC30071850A /* projectUITests.swift */,
				6FF0DA801EB5BCC30071850A /* Info.plist */,
			);
			path = projectUITests;
			sourceTree = "<group>";
		};
/* End PBXGroup section */

/* Begin PBXNativeTarget section */
		6FF0DA5A1EB5BCC30071850A /* Fitness For Life */ = {
			isa = PBXNativeTarget;
			buildConfigurationList = 6FF0DA831EB5BCC40071850A /* Build configuration list for PBXNativeTarget "Fitness For Life" */;
			buildPhases = (
				6FF0DA571EB5BCC30071850A /* Sources */,
				6FF0DA581EB5BCC30071850A /* Frameworks */,
				6FF0DA591EB5BCC30071850A /* Resources */,
			);
			buildRules = (
			);
			dependencies = (
			);
			name = "Fitness For Life";
			productName = project;
			productReference = 6FF0DA5B1EB5BCC30071850A /* Fitness For Life.app */;
			productType = "com.apple.product-type.application";
		};
		6FF0DA6E1EB5BCC30071850A /* Fitness For LifeTests */ = {
			isa = PBXNativeTarget;
			buildConfigurationList = 6FF0DA861EB5BCC40071850A /* Build configuration list for PBXNativeTarget "Fitness For LifeTests" */;
			buildPhases = (
				6FF0DA6B1EB5BCC30071850A /* Sources */,
				6FF0DA6C1EB5BCC30071850A /* Frameworks */,
				6FF0DA6D1EB5BCC30071850A /* Resources */,
			);
			buildRules = (
			);
			dependencies = (
				6FF0DA711EB5BCC30071850A /* PBXTargetDependency */,
			);
			name = "Fitness For LifeTests";
			productName = projectTests;
			productReference = 6FF0DA6F1EB5BCC30071850A /* Fitness For LifeTests.xctest */;
			productType = "com.apple.product-type.bundle.unit-test";
		};
		6FF0DA791EB5BCC30071850A /* Fitness For LifeUITests */ = {
			isa = PBXNativeTarget;
			buildConfigurationList = 6FF0DA891EB5BCC40071850A /* Build configuration list for PBXNativeTarget "Fitness For LifeUITests" */;
			buildPhases = (
				6FF0DA761EB5BCC30071850A /* Sources */,
				6FF0DA771EB5BCC30071850A /* Frameworks */,
				6FF0DA781EB5BCC30071850A /* Resources */,
			);
			buildRules = (
			);
			dependencies = (
				6FF0DA7C1EB5BCC30071850A /* PBXTargetDependency */,
			);
			name = "Fitness For LifeUITests";
			productName = projectUITests;
			productReference = 6FF0DA7A1EB5BCC30071850A /* Fitness For LifeUITests.xctest */;
			productType = "com.apple.product-type.bundle.ui-testing";
		};
/* End PBXNativeTarget section */

/* Begin PBXProject section */
		6FF0DA531EB5BCC30071850A /* Project object */ = {
			isa = PBXProject;
			attributes = {
				LastSwiftUpdateCheck = 0820;
				LastUpgradeCheck = 0820;
				ORGANIZATIONNAME = "JOHN YU";
				TargetAttributes = {
					6FF0DA5A1EB5BCC30071850A = {
						CreatedOnToolsVersion = 8.2.1;
						LastSwiftMigration = 0820;
						ProvisioningStyle = Automatic;
					};
					6FF0DA6E1EB5BCC30071850A = {
						CreatedOnToolsVersion = 8.2.1;
						ProvisioningStyle = Automatic;
						TestTargetID = 6FF0DA5A1EB5BCC30071850A;
					};
					6FF0DA791EB5BCC30071850A = {
						CreatedOnToolsVersion = 8.2.1;
						ProvisioningStyle = Automatic;
						TestTargetID = 6FF0DA5A1EB5BCC30071850A;
					};
				};
			};
			buildConfigurationList = 6FF0DA561EB5BCC30071850A /* Build configuration list for PBXProject "Fitness For Life" */;
			compatibilityVersion = "Xcode 3.2";
			developmentRegion = English;
			hasScannedForEncodings = 0;
			knownRegions = (
				en,
				Base,
			);
			mainGroup = 6FF0DA521EB5BCC30071850A;
			productRefGroup = 6FF0DA5C1EB5BCC30071850A /* Products */;
			projectDirPath = "";
			projectRoot = "";
			targets = (
				6FF0DA5A1EB5BCC30071850A /* Fitness For Life */,
				6FF0DA6E1EB5BCC30071850A /* Fitness For LifeTests */,
				6FF0DA791EB5BCC30071850A /* Fitness For LifeUITests */,
			);
		};
/* End PBXProject section */

/* Begin PBXResourcesBuildPhase section */
		6FF0DA591EB5BCC30071850A /* Resources */ = {
			isa = PBXResourcesBuildPhase;
			buildActionMask = 2147483647;
			files = (
				6F7D1BBF1EC9B63800AC3EC4 /* love yourself.mp3 in Resources */,
				6FC0FDC41EC6FBFE007ECA9B /* Golden.ttf in Resources */,
				6FC0FDC11EC6F8DD007ECA9B /* pricedown bl.ttf in Resources */,
				6F7D1BC71EC9B89000AC3EC4 /* Before i sleep.mp3 in Resources */,
				6FF0DA691EB5BCC30071850A /* LaunchScreen.storyboard in Resources */,
				6F7D1BCD1EC9CB4400AC3EC4 /* summer.jpg in Resources */,
				6F7D1BC91EC9C8A800AC3EC4 /* love yourself.jpg in Resources */,
				6FF0DA661EB5BCC30071850A /* Assets.xcassets in Resources */,
				6F7D1BC11EC9B83400AC3EC4 /* With you.mp3 in Resources */,
				6F7D1BCB1EC9CAE600AC3EC4 /* With you.jpg in Resources */,
				6F7D1BCF1EC9CC1F00AC3EC4 /* you come too.jpg in Resources */,
				6FF0DA641EB5BCC30071850A /* Main.storyboard in Resources */,
				6F7D1BC51EC9B88800AC3EC4 /* you come too.mp3 in Resources */,
				6F7D1BD11EC9CD2A00AC3EC4 /* Before i sleep.jpg in Resources */,
				6F7D1BC31EC9B87C00AC3EC4 /* Summer.mp3 in Resources */,
			);
			runOnlyForDeploymentPostprocessing = 0;
		};
		6FF0DA6D1EB5BCC30071850A /* Resources */ = {
			isa = PBXResourcesBuildPhase;
			buildActionMask = 2147483647;
			files = (
			);
			runOnlyForDeploymentPostprocessing = 0;
		};
		6FF0DA781EB5BCC30071850A /* Resources */ = {
			isa = PBXResourcesBuildPhase;
			buildActionMask = 2147483647;
			files = (
			);
			runOnlyForDeploymentPostprocessing = 0;
		};
/* End PBXResourcesBuildPhase section */

/* Begin PBXSourcesBuildPhase section */
		6FF0DA571EB5BCC30071850A /* Sources */ = {
			isa = PBXSourcesBuildPhase;
			buildActionMask = 2147483647;
			files = (
				6F5ACCDA1ECC16E400BC4100 /* AddDataViewController.swift in Sources */,
				6FC0FDC61EC6FECB007ECA9B /* timerViewController.swift in Sources */,
				6F177A771EC97AB500A74C33 /* MusicPlayerViewController.swift in Sources */,
				6FF0DA611EB5BCC30071850A /* ViewController.swift in Sources */,
				6F5ACCD61ECC008700BC4100 /* Model.xcdatamodeld in Sources */,
				004D65451ED051EC00C4C5EC /* GymTableViewController.swift in Sources */,
				6FF0DA5F1EB5BCC30071850A /* AppDelegate.swift in Sources */,
				6F556FEB1EC731C4003E20D7 /* CounterdowntimerViewController.swift in Sources */,
				6F5ACCDC1ECC16FF00BC4100 /* TableViewController.swift in Sources */,
				6FC0FDCB1EC7082C007ECA9B /* MapViewController.swift in Sources */,
			);
			runOnlyForDeploymentPostprocessing = 0;
		};
		6FF0DA6B1EB5BCC30071850A /* Sources */ = {
			isa = PBXSourcesBuildPhase;
			buildActionMask = 2147483647;
			files = (
				6FF0DA741EB5BCC30071850A /* projectTests.swift in Sources */,
			);
			runOnlyForDeploymentPostprocessing = 0;
		};
		6FF0DA761EB5BCC30071850A /* Sources */ = {
			isa = PBXSourcesBuildPhase;
			buildActionMask = 2147483647;
			files = (
				6FF0DA7F1EB5BCC30071850A /* projectUITests.swift in Sources */,
			);
			runOnlyForDeploymentPostprocessing = 0;
		};
/* End PBXSourcesBuildPhase section */

/* Begin PBXTargetDependency section */
		6FF0DA711EB5BCC30071850A /* PBXTargetDependency */ = {
			isa = PBXTargetDependency;
			target = 6FF0DA5A1EB5BCC30071850A /* Fitness For Life */;
			targetProxy = 6FF0DA701EB5BCC30071850A /* PBXContainerItemProxy */;
		};
		6FF0DA7C1EB5BCC30071850A /* PBXTargetDependency */ = {
			isa = PBXTargetDependency;
			target = 6FF0DA5A1EB5BCC30071850A /* Fitness For Life */;
			targetProxy = 6FF0DA7B1EB5BCC30071850A /* PBXContainerItemProxy */;
		};
/* End PBXTargetDependency section */

/* Begin PBXVariantGroup section */
		6FF0DA621EB5BCC30071850A /* Main.storyboard */ = {
			isa = PBXVariantGroup;
			children = (
				6FF0DA631EB5BCC30071850A /* Base */,
			);
			name = Main.storyboard;
			sourceTree = "<group>";
		};
		6FF0DA671EB5BCC30071850A /* LaunchScreen.storyboard */ = {
			isa = PBXVariantGroup;
			children = (
				6FF0DA681EB5BCC30071850A /* Base */,
			);
			name = LaunchScreen.storyboard;
			sourceTree = "<group>";
		};
/* End PBXVariantGroup section */

/* Begin XCBuildConfiguration section */
		6FF0DA811EB5BCC40071850A /* Debug */ = {
			isa = XCBuildConfiguration;
			buildSettings = {
				ALWAYS_SEARCH_USER_PATHS = NO;
				CLANG_ANALYZER_NONNULL = YES;
				CLANG_CXX_LANGUAGE_STANDARD = "gnu++0x";
				CLANG_CXX_LIBRARY = "libc++";
				CLANG_ENABLE_MODULES = YES;
				CLANG_ENABLE_OBJC_ARC = YES;
				CLANG_WARN_BOOL_CONVERSION = YES;
				CLANG_WARN_CONSTANT_CONVERSION = YES;
				CLANG_WARN_DIRECT_OBJC_ISA_USAGE = YES_ERROR;
				CLANG_WARN_DOCUMENTATION_COMMENTS = YES;
				CLANG_WARN_EMPTY_BODY = YES;
				CLANG_WARN_ENUM_CONVERSION = YES;
				CLANG_WARN_INFINITE_RECURSION = YES;
				CLANG_WARN_INT_CONVERSION = YES;
				CLANG_WARN_OBJC_ROOT_CLASS = YES_ERROR;
				CLANG_WARN_SUSPICIOUS_MOVE = YES;
				CLANG_WARN_UNREACHABLE_CODE = YES;
				CLANG_WARN__DUPLICATE_METHOD_MATCH = YES;
				"CODE_SIGN_IDENTITY[sdk=iphoneos*]" = "iPhone Developer";
				COPY_PHASE_STRIP = NO;
				DEBUG_INFORMATION_FORMAT = dwarf;
				ENABLE_STRICT_OBJC_MSGSEND = YES;
				ENABLE_TESTABILITY = YES;
				GCC_C_LANGUAGE_STANDARD = gnu99;
				GCC_DYNAMIC_NO_PIC = NO;
				GCC_NO_COMMON_BLOCKS = YES;
				GCC_OPTIMIZATION_LEVEL = 0;
				GCC_PREPROCESSOR_DEFINITIONS = (
					"DEBUG=1",
					"$(inherited)",
				);
				GCC_WARN_64_TO_32_BIT_CONVERSION = YES;
				GCC_WARN_ABOUT_RETURN_TYPE = YES_ERROR;
				GCC_WARN_UNDECLARED_SELECTOR = YES;
				GCC_WARN_UNINITIALIZED_AUTOS = YES_AGGRESSIVE;
				GCC_WARN_UNUSED_FUNCTION = YES;
				GCC_WARN_UNUSED_VARIABLE = YES;
				IPHONEOS_DEPLOYMENT_TARGET = 10.2;
				MTL_ENABLE_DEBUG_INFO = YES;
				ONLY_ACTIVE_ARCH = YES;
				SDKROOT = iphoneos;
				SWIFT_ACTIVE_COMPILATION_CONDITIONS = DEBUG;
				SWIFT_OPTIMIZATION_LEVEL = "-Onone";
				TARGETED_DEVICE_FAMILY = "1,2";
			};
			name = Debug;
		};
		6FF0DA821EB5BCC40071850A /* Release */ = {
			isa = XCBuildConfiguration;
			buildSettings = {
				ALWAYS_SEARCH_USER_PATHS = NO;
				CLANG_ANALYZER_NONNULL = YES;
				CLANG_CXX_LANGUAGE_STANDARD = "gnu++0x";
				CLANG_CXX_LIBRARY = "libc++";
				CLANG_ENABLE_MODULES = YES;
				CLANG_ENABLE_OBJC_ARC = YES;
				CLANG_WARN_BOOL_CONVERSION = YES;
				CLANG_WARN_CONSTANT_CONVERSION = YES;
				CLANG_WARN_DIRECT_OBJC_ISA_USAGE = YES_ERROR;
				CLANG_WARN_DOCUMENTATION_COMMENTS = YES;
				CLANG_WARN_EMPTY_BODY = YES;
				CLANG_WARN_ENUM_CONVERSION = YES;
				CLANG_WARN_INFINITE_RECURSION = YES;
				CLANG_WARN_INT_CONVERSION = YES;
				CLANG_WARN_OBJC_ROOT_CLASS = YES_ERROR;
				CLANG_WARN_SUSPICIOUS_MOVE = YES;
				CLANG_WARN_UNREACHABLE_CODE = YES;
				CLANG_WARN__DUPLICATE_METHOD_MATCH = YES;
				"CODE_SIGN_IDENTITY[sdk=iphoneos*]" = "iPhone Developer";
				COPY_PHASE_STRIP = NO;
				DEBUG_INFORMATION_FORMAT = "dwarf-with-dsym";
				ENABLE_NS_ASSERTIONS = NO;
				ENABLE_STRICT_OBJC_MSGSEND = YES;
				GCC_C_LANGUAGE_STANDARD = gnu99;
				GCC_NO_COMMON_BLOCKS = YES;
				GCC_WARN_64_TO_32_BIT_CONVERSION = YES;
				GCC_WARN_ABOUT_RETURN_TYPE = YES_ERROR;
				GCC_WARN_UNDECLARED_SELECTOR = YES;
				GCC_WARN_UNINITIALIZED_AUTOS = YES_AGGRESSIVE;
				GCC_WARN_UNUSED_FUNCTION = YES;
				GCC_WARN_UNUSED_VARIABLE = YES;
				IPHONEOS_DEPLOYMENT_TARGET = 10.2;
				MTL_ENABLE_DEBUG_INFO = NO;
				SDKROOT = iphoneos;
				SWIFT_OPTIMIZATION_LEVEL = "-Owholemodule";
				TARGETED_DEVICE_FAMILY = "1,2";
				VALIDATE_PRODUCT = YES;
			};
			name = Release;
		};
		6FF0DA841EB5BCC40071850A /* Debug */ = {
			isa = XCBuildConfiguration;
			buildSettings = {
				ASSETCATALOG_COMPILER_APPICON_NAME = AppIcon;
				CLANG_ENABLE_MODULES = YES;
				INFOPLIST_FILE = project/Info.plist;
				LD_RUNPATH_SEARCH_PATHS = "$(inherited) @executable_path/Frameworks";
				PRODUCT_BUNDLE_IDENTIFIER = Deakin.project;
				PRODUCT_NAME = "$(TARGET_NAME)";
				SWIFT_OPTIMIZATION_LEVEL = "-Onone";
				SWIFT_VERSION = 3.0;
			};
			name = Debug;
		};
		6FF0DA851EB5BCC40071850A /* Release */ = {
			isa = XCBuildConfiguration;
			buildSettings = {
				ASSETCATALOG_COMPILER_APPICON_NAME = AppIcon;
				CLANG_ENABLE_MODULES = YES;
				INFOPLIST_FILE = project/Info.plist;
				LD_RUNPATH_SEARCH_PATHS = "$(inherited) @executable_path/Frameworks";
				PRODUCT_BUNDLE_IDENTIFIER = Deakin.project;
				PRODUCT_NAME = "$(TARGET_NAME)";
				SWIFT_VERSION = 3.0;
			};
			name = Release;
		};
		6FF0DA871EB5BCC40071850A /* Debug */ = {
			isa = XCBuildConfiguration;
			buildSettings = {
				ALWAYS_EMBED_SWIFT_STANDARD_LIBRARIES = YES;
				BUNDLE_LOADER = "$(TEST_HOST)";
				INFOPLIST_FILE = projectTests/Info.plist;
				LD_RUNPATH_SEARCH_PATHS = "$(inherited) @executable_path/Frameworks @loader_path/Frameworks";
				PRODUCT_BUNDLE_IDENTIFIER = Deakin.projectTests;
				PRODUCT_NAME = "$(TARGET_NAME)";
				SWIFT_VERSION = 3.0;
				TEST_HOST = "$(BUILT_PRODUCTS_DIR)/Fitness For Life.app/Fitness For Life";
			};
			name = Debug;
		};
		6FF0DA881EB5BCC40071850A /* Release */ = {
			isa = XCBuildConfiguration;
			buildSettings = {
				ALWAYS_EMBED_SWIFT_STANDARD_LIBRARIES = YES;
				BUNDLE_LOADER = "$(TEST_HOST)";
				INFOPLIST_FILE = projectTests/Info.plist;
				LD_RUNPATH_SEARCH_PATHS = "$(inherited) @executable_path/Frameworks @loader_path/Frameworks";
				PRODUCT_BUNDLE_IDENTIFIER = Deakin.projectTests;
				PRODUCT_NAME = "$(TARGET_NAME)";
				SWIFT_VERSION = 3.0;
				TEST_HOST = "$(BUILT_PRODUCTS_DIR)/Fitness For Life.app/Fitness For Life";
			};
			name = Release;
		};
		6FF0DA8A1EB5BCC40071850A /* Debug */ = {
			isa = XCBuildConfiguration;
			buildSettings = {
				ALWAYS_EMBED_SWIFT_STANDARD_LIBRARIES = YES;
				INFOPLIST_FILE = projectUITests/Info.plist;
				LD_RUNPATH_SEARCH_PATHS = "$(inherited) @executable_path/Frameworks @loader_path/Frameworks";
				PRODUCT_BUNDLE_IDENTIFIER = Deakin.projectUITests;
				PRODUCT_NAME = "$(TARGET_NAME)";
				SWIFT_VERSION = 3.0;
				TEST_TARGET_NAME = project;
			};
			name = Debug;
		};
		6FF0DA8B1EB5BCC40071850A /* Release */ = {
			isa = XCBuildConfiguration;
			buildSettings = {
				ALWAYS_EMBED_SWIFT_STANDARD_LIBRARIES = YES;
				INFOPLIST_FILE = projectUITests/Info.plist;
				LD_RUNPATH_SEARCH_PATHS = "$(inherited) @executable_path/Frameworks @loader_path/Frameworks";
				PRODUCT_BUNDLE_IDENTIFIER = Deakin.projectUITests;
				PRODUCT_NAME = "$(TARGET_NAME)";
				SWIFT_VERSION = 3.0;
				TEST_TARGET_NAME = project;
			};
			name = Release;
		};
/* End XCBuildConfiguration section */

/* Begin XCConfigurationList section */
		6FF0DA561EB5BCC30071850A /* Build configuration list for PBXProject "Fitness For Life" */ = {
			isa = XCConfigurationList;
			buildConfigurations = (
				6FF0DA811EB5BCC40071850A /* Debug */,
				6FF0DA821EB5BCC40071850A /* Release */,
			);
			defaultConfigurationIsVisible = 0;
			defaultConfigurationName = Release;
		};
		6FF0DA831EB5BCC40071850A /* Build configuration list for PBXNativeTarget "Fitness For Life" */ = {
			isa = XCConfigurationList;
			buildConfigurations = (
				6FF0DA841EB5BCC40071850A /* Debug */,
				6FF0DA851EB5BCC40071850A /* Release */,
			);
			defaultConfigurationIsVisible = 0;
			defaultConfigurationName = Release;
		};
		6FF0DA861EB5BCC40071850A /* Build configuration list for PBXNativeTarget "Fitness For LifeTests" */ = {
			isa = XCConfigurationList;
			buildConfigurations = (
				6FF0DA871EB5BCC40071850A /* Debug */,
				6FF0DA881EB5BCC40071850A /* Release */,
			);
			defaultConfigurationIsVisible = 0;
			defaultConfigurationName = Release;
		};
		6FF0DA891EB5BCC40071850A /* Build configuration list for PBXNativeTarget "Fitness For LifeUITests" */ = {
			isa = XCConfigurationList;
			buildConfigurations = (
				6FF0DA8A1EB5BCC40071850A /* Debug */,
				6FF0DA8B1EB5BCC40071850A /* Release */,
			);
			defaultConfigurationIsVisible = 0;
			defaultConfigurationName = Release;
		};
/* End XCConfigurationList section */

/* Begin XCVersionGroup section */
		6F5ACCD41ECC008700BC4100 /* Model.xcdatamodeld */ = {
			isa = XCVersionGroup;
			children = (
				6F5ACCD51ECC008700BC4100 /* Model.xcdatamodel */,
			);
			currentVersion = 6F5ACCD51ECC008700BC4100 /* Model.xcdatamodel */;
			path = Model.xcdatamodeld;
			sourceTree = "<group>";
			versionGroupType = wrapper.xcdatamodel;
		};
/* End XCVersionGroup section */
	};
	rootObject = 6FF0DA531EB5BCC30071850A /* Project object */;
}
