// !$*UTF8*$!
{
	archiveVersion = 1;
	classes = {
	};
	objectVersion = 46;
	objects = {

/* Begin PBXBuildFile section */
		6FC0FDC11EC6F8DD007ECA9B /* pricedown bl.ttf in Resources */ = {isa = PBXBuildFile; fileRef = 6FC0FDBF1EC6F0C6007ECA9B /* pricedown bl.ttf */; };
		6FC0FDC41EC6FBFE007ECA9B /* Golden.ttf in Resources */ = {isa = PBXBuildFile; fileRef = 6FC0FDC31EC6FB60007ECA9B /* Golden.ttf */; };
		6FC0FDC61EC6FECB007ECA9B /* timerViewController.swift in Sources */ = {isa = PBXBuildFile; fileRef = 6FC0FDC51EC6FECB007ECA9B /* timerViewController.swift */; };
		6FC0FDC91EC70772007ECA9B /* CoreLocation.framework in Frameworks */ = {isa = PBXBuildFile; fileRef = 6FC0FDC81EC70772007ECA9B /* CoreLocation.framework */; };
		6FC0FDCB1EC7082C007ECA9B /* MapViewController.swift in Sources */ = {isa = PBXBuildFile; fileRef = 6FC0FDCA1EC7082C007ECA9B /* MapViewController.swift */; };
		6FF0DA5F1EB5BCC30071850A /* AppDelegate.swift in Sources */ = {isa = PBXBuildFile; fileRef = 6FF0DA5E1EB5BCC30071850A /* AppDelegate.swift */; };
		6FF0DA611EB5BCC30071850A /* ViewController.swift in Sources */ = {isa = PBXBuildFile; fileRef = 6FF0DA601EB5BCC30071850A /* ViewController.swift */; };
		6FF0DA641EB5BCC30071850A /* Main.storyboard in Resources */ = {isa = PBXBuildFile; fileRef = 6FF0DA621EB5BCC30071850A /* Main.storyboard */; };
		6FF0DA661EB5BCC30071850A /* Assets.xcassets in Resources */ = {isa = PBXBuildFile; fileRef = 6FF0DA651EB5BCC30071850A /* Assets.xcassets */; };
		6FF0DA691EB5BCC30071850A /* LaunchScreen.storyboard in Resources */ = {isa = PBXBuildFile; fileRef = 6FF0DA671EB5BCC30071850A /* LaunchScreen.storyboard */; };
		6FF0DA741EB5BCC30071850A /* projectTests.swift in Sources */ = {isa = PBXBuildFile; fileRef = 6FF0DA731EB5BCC30071850A /* projectTests.swift */; };
		6FF0DA7F1EB5BCC30071850A /* projectUITests.swift in Sources */ = {isa = PBXBuildFile; fileRef = 6FF0DA7E1EB5BCC30071850A /* projectUITests.swift */; };
/* End PBXBuildFile section */

/* Begin PBXContainerItemProxy section */
		6FF0DA701EB5BCC30071850A /* PBXContainerItemProxy */ = {
			isa = PBXContainerItemProxy;
			containerPortal = 6FF0DA531EB5BCC30071850A /* Project object */;
			proxyType = 1;
			remoteGlobalIDString = 6FF0DA5A1EB5BCC30071850A;
			remoteInfo = project;
		};
		6FF0DA7B1EB5BCC30071850A /* PBXContainerItemProxy */ = {
			isa = PBXContainerItemProxy;
			containerPortal = 6FF0DA531EB5BCC30071850A /* Project object */;
			proxyType = 1;
			remoteGlobalIDString = 6FF0DA5A1EB5BCC30071850A;
			remoteInfo = project;
		};
/* End PBXContainerItemProxy section */

/* Begin PBXFileReference section */
		6FC0FDBF1EC6F0C6007ECA9B /* pricedown bl.ttf */ = {isa = PBXFileReference; lastKnownFileType = file; path = "pricedown bl.ttf"; sourceTree = "<group>"; };
		6FC0FDC01EC6F52F007ECA9B /* abuse.ttf */ = {isa = PBXFileReference; lastKnownFileType = file; path = abuse.ttf; sourceTree = "<group>"; };
		6FC0FDC31EC6FB60007ECA9B /* Golden.ttf */ = {isa = PBXFileReference; lastKnownFileType = file; path = Golden.ttf; sourceTree = "<group>"; };
		6FC0FDC51EC6FECB007ECA9B /* timerViewController.swift */ = {isa = PBXFileReference; fileEncoding = 4; lastKnownFileType = sourcecode.swift; path = timerViewController.swift; sourceTree = "<group>"; };
		6FC0FDC81EC70772007ECA9B /* CoreLocation.framework */ = {isa = PBXFileReference; lastKnownFileType = wrapper.framework; name = CoreLocation.framework; path = System/Library/Frameworks/CoreLocation.framework; sourceTree = SDKROOT; };
		6FC0FDCA1EC7082C007ECA9B /* MapViewController.swift */ = {isa = PBXFileReference; fileEncoding = 4; lastKnownFileType = sourcecode.swift; path = MapViewController.swift; sourceTree = "<group>"; };
		6FF0DA5B1EB5BCC30071850A /* project.app */ = {isa = PBXFileReference; explicitFileType = wrapper.application; includeInIndex = 0; path = project.app; sourceTree = BUILT_PRODUCTS_DIR; };
		6FF0DA5E1EB5BCC30071850A /* AppDelegate.swift */ = {isa = PBXFileReference; lastKnownFileType = sourcecode.swift; path = AppDelegate.swift; sourceTree = "<group>"; };
		6FF0DA601EB5BCC30071850A /* ViewController.swift */ = {isa = PBXFileReference; lastKnownFileType = sourcecode.swift; path = ViewController.swift; sourceTree = "<group>"; };
		6FF0DA631EB5BCC30071850A /* Base */ = {isa = PBXFileReference; lastKnownFileType = file.storyboard; name = Base; path = Base.lproj/Main.storyboard; sourceTree = "<group>"; };
		6FF0DA651EB5BCC30071850A /* Assets.xcassets */ = {isa = PBXFileReference; lastKnownFileType = folder.assetcatalog; path = Assets.xcassets; sourceTree = "<group>"; };
		6FF0DA681EB5BCC30071850A /* Base */ = {isa = PBXFileReference; lastKnownFileType = file.storyboard; name = Base; path = Base.lproj/LaunchScreen.storyboard; sourceTree = "<group>"; };
		6FF0DA6A1EB5BCC30071850A /* Info.plist */ = {isa = PBXFileReference; lastKnownFileType = text.plist.xml; path = Info.plist; sourceTree = "<group>"; };
		6FF0DA6F1EB5BCC30071850A /* projectTests.xctest */ = {isa = PBXFileReference; explicitFileType = wrapper.cfbundle; includeInIndex = 0; path = projectTests.xctest; sourceTree = BUILT_PRODUCTS_DIR; };
		6FF0DA731EB5BCC30071850A /* projectTests.swift */ = {isa = PBXFileReference; lastKnownFileType = sourcecode.swift; path = projectTests.swift; sourceTree = "<group>"; };
		6FF0DA751EB5BCC30071850A /* Info.plist */ = {isa = PBXFileReference; lastKnownFileType = text.plist.xml; path = Info.plist; sourceTree = "<group>"; };
		6FF0DA7A1EB5BCC30071850A /* projectUITests.xctest */ = {isa = PBXFileReference; explicitFileType = wrapper.cfbundle; includeInIndex = 0; path = projectUITests.xctest; sourceTree = BUILT_PRODUCTS_DIR; };
		6FF0DA7E1EB5BCC30071850A /* projectUITests.swift */ = {isa = PBXFileReference; lastKnownFileType = sourcecode.swift; path = projectUITests.swift; sourceTree = "<group>"; };
		6FF0DA801EB5BCC30071850A /* Info.plist */ = {isa = PBXFileReference; lastKnownFileType = text.plist.xml; path = Info.plist; sourceTree = "<group>"; };
/* End PBXFileReference section */

/* Begin PBXFrameworksBuildPhase section */
		6FF0DA581EB5BCC30071850A /* Frameworks */ = {
			isa = PBXFrameworksBuildPhase;
			buildActionMask = 2147483647;
			files = (
				6FC0FDC91EC70772007ECA9B /* CoreLocation.framework in Frameworks */,
			);
			runOnlyForDeploymentPostprocessing = 0;
		};
		6FF0DA6C1EB5BCC30071850A /* Frameworks */ = {
			isa = PBXFrameworksBuildPhase;
			buildActionMask = 2147483647;
			files = (
			);
			runOnlyForDeploymentPostprocessing = 0;
		};
		6FF0DA771EB5BCC30071850A /* Frameworks */ = {
			isa = PBXFrameworksBuildPhase;
			buildActionMask = 2147483647;
			files = (
			);
			runOnlyForDeploymentPostprocessing = 0;
		};
/* End PBXFrameworksBuildPhase section */

/* Begin PBXGroup section */
		6FC0FDC71EC70772007ECA9B /* Frameworks */ = {
			isa = PBXGroup;
			children = (
				6FC0FDC81EC70772007ECA9B /* CoreLocation.framework */,
			);
			name = Frameworks;
			sourceTree = "<group>";
		};
		6FF0DA521EB5BCC30071850A = {
			isa = PBXGroup;
			children = (
				6FF0DA5D1EB5BCC30071850A /* project */,
				6FF0DA721EB5BCC30071850A /* projectTests */,
				6FF0DA7D1EB5BCC30071850A /* projectUITests */,
				6FF0DA5C1EB5BCC30071850A /* Products */,
				6FC0FDC71EC70772007ECA9B /* Frameworks */,
			);
			sourceTree = "<group>";
		};
		6FF0DA5C1EB5BCC30071850A /* Products */ = {
			isa = PBXGroup;
			children = (
				6FF0DA5B1EB5BCC30071850A /* project.app */,
				6FF0DA6F1EB5BCC30071850A /* projectTests.xctest */,
				6FF0DA7A1EB5BCC30071850A /* projectUITests.xctest */,
			);
			name = Products;
			sourceTree = "<group>";
		};
		6FF0DA5D1EB5BCC30071850A /* project */ = {
			isa = PBXGroup;
			children = (
				6FF0DA5E1EB5BCC30071850A /* AppDelegate.swift */,
				6FF0DA601EB5BCC30071850A /* ViewController.swift */,
				6FF0DA621EB5BCC30071850A /* Main.storyboard */,
				6FC0FDCA1EC7082C007ECA9B /* MapViewController.swift */,
				6FC0FDC51EC6FECB007ECA9B /* timerViewController.swift */,
				6FC0FDBF1EC6F0C6007ECA9B /* pricedown bl.ttf */,
				6FC0FDC01EC6F52F007ECA9B /* abuse.ttf */,
				6FF0DA651EB5BCC30071850A /* Assets.xcassets */,
				6FC0FDC31EC6FB60007ECA9B /* Golden.ttf */,
				6FF0DA671EB5BCC30071850A /* LaunchScreen.storyboard */,
				6FF0DA6A1EB5BCC30071850A /* Info.plist */,
			);
			path = project;
			sourceTree = "<group>";
		};
		6FF0DA721EB5BCC30071850A /* projectTests */ = {
			isa = PBXGroup;
			children = (
				6FF0DA731EB5BCC30071850A /* projectTests.swift */,
				6FF0DA751EB5BCC30071850A /* Info.plist */,
			);
			path = projectTests;
			sourceTree = "<group>";
		};
		6FF0DA7D1EB5BCC30071850A /* projectUITests */ = {
			isa = PBXGroup;
			children = (
				6FF0DA7E1EB5BCC30071850A /* projectUITests.swift */,
				6FF0DA801EB5BCC30071850A /* Info.plist */,
			);
			path = projectUITests;
			sourceTree = "<group>";
		};
/* End PBXGroup section */

/* Begin PBXNativeTarget section */
		6FF0DA5A1EB5BCC30071850A /* project */ = {
			isa = PBXNativeTarget;
			buildConfigurationList = 6FF0DA831EB5BCC40071850A /* Build configuration list for PBXNativeTarget "project" */;
			buildPhases = (
				6FF0DA571EB5BCC30071850A /* Sources */,
				6FF0DA581EB5BCC30071850A /* Frameworks */,
				6FF0DA591EB5BCC30071850A /* Resources */,
			);
			buildRules = (
			);
			dependencies = (
			);
			name = project;
			productName = project;
			productReference = 6FF0DA5B1EB5BCC30071850A /* project.app */;
			productType = "com.apple.product-type.application";
		};
		6FF0DA6E1EB5BCC30071850A /* projectTests */ = {
			isa = PBXNativeTarget;
			buildConfigurationList = 6FF0DA861EB5BCC40071850A /* Build configuration list for PBXNativeTarget "projectTests" */;
			buildPhases = (
				6FF0DA6B1EB5BCC30071850A /* Sources */,
				6FF0DA6C1EB5BCC30071850A /* Frameworks */,
				6FF0DA6D1EB5BCC30071850A /* Resources */,
			);
			buildRules = (
			);
			dependencies = (
				6FF0DA711EB5BCC30071850A /* PBXTargetDependency */,
			);
			name = projectTests;
			productName = projectTests;
			productReference = 6FF0DA6F1EB5BCC30071850A /* projectTests.xctest */;
			productType = "com.apple.product-type.bundle.unit-test";
		};
		6FF0DA791EB5BCC30071850A /* projectUITests */ = {
			isa = PBXNativeTarget;
			buildConfigurationList = 6FF0DA891EB5BCC40071850A /* Build configuration list for PBXNativeTarget "projectUITests" */;
			buildPhases = (
				6FF0DA761EB5BCC30071850A /* Sources */,
				6FF0DA771EB5BCC30071850A /* Frameworks */,
				6FF0DA781EB5BCC30071850A /* Resources */,
			);
			buildRules = (
			);
			dependencies = (
				6FF0DA7C1EB5BCC30071850A /* PBXTargetDependency */,
			);
			name = projectUITests;
			productName = projectUITests;
			productReference = 6FF0DA7A1EB5BCC30071850A /* projectUITests.xctest */;
			productType = "com.apple.product-type.bundle.ui-testing";
		};
/* End PBXNativeTarget section */

/* Begin PBXProject section */
		6FF0DA531EB5BCC30071850A /* Project object */ = {
			isa = PBXProject;
			attributes = {
				LastSwiftUpdateCheck = 0820;
				LastUpgradeCheck = 0820;
				ORGANIZATIONNAME = "JOHN YU";
				TargetAttributes = {
					6FF0DA5A1EB5BCC30071850A = {
						CreatedOnToolsVersion = 8.2.1;
						ProvisioningStyle = Automatic;
					};
					6FF0DA6E1EB5BCC30071850A = {
						CreatedOnToolsVersion = 8.2.1;
						ProvisioningStyle = Automatic;
						TestTargetID = 6FF0DA5A1EB5BCC30071850A;
					};
					6FF0DA791EB5BCC30071850A = {
						CreatedOnToolsVersion = 8.2.1;
						ProvisioningStyle = Automatic;
						TestTargetID = 6FF0DA5A1EB5BCC30071850A;
					};
				};
			};
			buildConfigurationList = 6FF0DA561EB5BCC30071850A /* Build configuration list for PBXProject "project" */;
			compatibilityVersion = "Xcode 3.2";
			developmentRegion = English;
			hasScannedForEncodings = 0;
			knownRegions = (
				en,
				Base,
			);
			mainGroup = 6FF0DA521EB5BCC30071850A;
			productRefGroup = 6FF0DA5C1EB5BCC30071850A /* Products */;
			projectDirPath = "";
			projectRoot = "";
			targets = (
				6FF0DA5A1EB5BCC30071850A /* project */,
				6FF0DA6E1EB5BCC30071850A /* projectTests */,
				6FF0DA791EB5BCC30071850A /* projectUITests */,
			);
		};
/* End PBXProject section */

/* Begin PBXResourcesBuildPhase section */
		6FF0DA591EB5BCC30071850A /* Resources */ = {
			isa = PBXResourcesBuildPhase;
			buildActionMask = 2147483647;
			files = (
				6FC0FDC41EC6FBFE007ECA9B /* Golden.ttf in Resources */,
				6FC0FDC11EC6F8DD007ECA9B /* pricedown bl.ttf in Resources */,
				6FF0DA691EB5BCC30071850A /* LaunchScreen.storyboard in Resources */,
				6FF0DA661EB5BCC30071850A /* Assets.xcassets in Resources */,
				6FF0DA641EB5BCC30071850A /* Main.storyboard in Resources */,
			);
			runOnlyForDeploymentPostprocessing = 0;
		};
		6FF0DA6D1EB5BCC30071850A /* Resources */ = {
			isa = PBXResourcesBuildPhase;
			buildActionMask = 2147483647;
			files = (
			);
			runOnlyForDeploymentPostprocessing = 0;
		};
		6FF0DA781EB5BCC30071850A /* Resources */ = {
			isa = PBXResourcesBuildPhase;
			buildActionMask = 2147483647;
			files = (
			);
			runOnlyForDeploymentPostprocessing = 0;
		};
/* End PBXResourcesBuildPhase section */

/* Begin PBXSourcesBuildPhase section */
		6FF0DA571EB5BCC30071850A /* Sources */ = {
			isa = PBXSourcesBuildPhase;
			buildActionMask = 2147483647;
			files = (
				6FC0FDC61EC6FECB007ECA9B /* timerViewController.swift in Sources */,
				6FF0DA611EB5BCC30071850A /* ViewController.swift in Sources */,
				6FF0DA5F1EB5BCC30071850A /* AppDelegate.swift in Sources */,
				6FC0FDCB1EC7082C007ECA9B /* MapViewController.swift in Sources */,
			);
			runOnlyForDeploymentPostprocessing = 0;
		};
		6FF0DA6B1EB5BCC30071850A /* Sources */ = {
			isa = PBXSourcesBuildPhase;
			buildActionMask = 2147483647;
			files = (
				6FF0DA741EB5BCC30071850A /* projectTests.swift in Sources */,
			);
			runOnlyForDeploymentPostprocessing = 0;
		};
		6FF0DA761EB5BCC30071850A /* Sources */ = {
			isa = PBXSourcesBuildPhase;
			buildActionMask = 2147483647;
			files = (
				6FF0DA7F1EB5BCC30071850A /* projectUITests.swift in Sources */,
			);
			runOnlyForDeploymentPostprocessing = 0;
		};
/* End PBXSourcesBuildPhase section */

/* Begin PBXTargetDependency section */
		6FF0DA711EB5BCC30071850A /* PBXTargetDependency */ = {
			isa = PBXTargetDependency;
			target = 6FF0DA5A1EB5BCC30071850A /* project */;
			targetProxy = 6FF0DA701EB5BCC30071850A /* PBXContainerItemProxy */;
		};
		6FF0DA7C1EB5BCC30071850A /* PBXTargetDependency */ = {
			isa = PBXTargetDependency;
			target = 6FF0DA5A1EB5BCC30071850A /* project */;
			targetProxy = 6FF0DA7B1EB5BCC30071850A /* PBXContainerItemProxy */;
		};
/* End PBXTargetDependency section */

/* Begin PBXVariantGroup section */
		6FF0DA621EB5BCC30071850A /* Main.storyboard */ = {
			isa = PBXVariantGroup;
			children = (
				6FF0DA631EB5BCC30071850A /* Base */,
			);
			name = Main.storyboard;
			sourceTree = "<group>";
		};
		6FF0DA671EB5BCC30071850A /* LaunchScreen.storyboard */ = {
			isa = PBXVariantGroup;
			children = (
				6FF0DA681EB5BCC30071850A /* Base */,
			);
			name = LaunchScreen.storyboard;
			sourceTree = "<group>";
		};
/* End PBXVariantGroup section */

/* Begin XCBuildConfiguration section */
		6FF0DA811EB5BCC40071850A /* Debug */ = {
			isa = XCBuildConfiguration;
			buildSettings = {
				ALWAYS_SEARCH_USER_PATHS = NO;
				CLANG_ANALYZER_NONNULL = YES;
				CLANG_CXX_LANGUAGE_STANDARD = "gnu++0x";
				CLANG_CXX_LIBRARY = "libc++";
				CLANG_ENABLE_MODULES = YES;
				CLANG_ENABLE_OBJC_ARC = YES;
				CLANG_WARN_BOOL_CONVERSION = YES;
				CLANG_WARN_CONSTANT_CONVERSION = YES;
				CLANG_WARN_DIRECT_OBJC_ISA_USAGE = YES_ERROR;
				CLANG_WARN_DOCUMENTATION_COMMENTS = YES;
				CLANG_WARN_EMPTY_BODY = YES;
				CLANG_WARN_ENUM_CONVERSION = YES;
				CLANG_WARN_INFINITE_RECURSION = YES;
				CLANG_WARN_INT_CONVERSION = YES;
				CLANG_WARN_OBJC_ROOT_CLASS = YES_ERROR;
				CLANG_WARN_SUSPICIOUS_MOVE = YES;
				CLANG_WARN_UNREACHABLE_CODE = YES;
				CLANG_WARN__DUPLICATE_METHOD_MATCH = YES;
				"CODE_SIGN_IDENTITY[sdk=iphoneos*]" = "iPhone Developer";
				COPY_PHASE_STRIP = NO;
				DEBUG_INFORMATION_FORMAT = dwarf;
				ENABLE_STRICT_OBJC_MSGSEND = YES;
				ENABLE_TESTABILITY = YES;
				GCC_C_LANGUAGE_STANDARD = gnu99;
				GCC_DYNAMIC_NO_PIC = NO;
				GCC_NO_COMMON_BLOCKS = YES;
				GCC_OPTIMIZATION_LEVEL = 0;
				GCC_PREPROCESSOR_DEFINITIONS = (
					"DEBUG=1",
					"$(inherited)",
				);
				GCC_WARN_64_TO_32_BIT_CONVERSION = YES;
				GCC_WARN_ABOUT_RETURN_TYPE = YES_ERROR;
				GCC_WARN_UNDECLARED_SELECTOR = YES;
				GCC_WARN_UNINITIALIZED_AUTOS = YES_AGGRESSIVE;
				GCC_WARN_UNUSED_FUNCTION = YES;
				GCC_WARN_UNUSED_VARIABLE = YES;
				IPHONEOS_DEPLOYMENT_TARGET = 10.2;
				MTL_ENABLE_DEBUG_INFO = YES;
				ONLY_ACTIVE_ARCH = YES;
				SDKROOT = iphoneos;
				SWIFT_ACTIVE_COMPILATION_CONDITIONS = DEBUG;
				SWIFT_OPTIMIZATION_LEVEL = "-Onone";
				TARGETED_DEVICE_FAMILY = "1,2";
			};
			name = Debug;
		};
		6FF0DA821EB5BCC40071850A /* Release */ = {
			isa = XCBuildConfiguration;
			buildSettings = {
				ALWAYS_SEARCH_USER_PATHS = NO;
				CLANG_ANALYZER_NONNULL = YES;
				CLANG_CXX_LANGUAGE_STANDARD = "gnu++0x";
				CLANG_CXX_LIBRARY = "libc++";
				CLANG_ENABLE_MODULES = YES;
				CLANG_ENABLE_OBJC_ARC = YES;
				CLANG_WARN_BOOL_CONVERSION = YES;
				CLANG_WARN_CONSTANT_CONVERSION = YES;
				CLANG_WARN_DIRECT_OBJC_ISA_USAGE = YES_ERROR;
				CLANG_WARN_DOCUMENTATION_COMMENTS = YES;
				CLANG_WARN_EMPTY_BODY = YES;
				CLANG_WARN_ENUM_CONVERSION = YES;
				CLANG_WARN_INFINITE_RECURSION = YES;
				CLANG_WARN_INT_CONVERSION = YES;
				CLANG_WARN_OBJC_ROOT_CLASS = YES_ERROR;
				CLANG_WARN_SUSPICIOUS_MOVE = YES;
				CLANG_WARN_UNREACHABLE_CODE = YES;
				CLANG_WARN__DUPLICATE_METHOD_MATCH = YES;
				"CODE_SIGN_IDENTITY[sdk=iphoneos*]" = "iPhone Developer";
				COPY_PHASE_STRIP = NO;
				DEBUG_INFORMATION_FORMAT = "dwarf-with-dsym";
				ENABLE_NS_ASSERTIONS = NO;
				ENABLE_STRICT_OBJC_MSGSEND = YES;
				GCC_C_LANGUAGE_STANDARD = gnu99;
				GCC_NO_COMMON_BLOCKS = YES;
				GCC_WARN_64_TO_32_BIT_CONVERSION = YES;
				GCC_WARN_ABOUT_RETURN_TYPE = YES_ERROR;
				GCC_WARN_UNDECLARED_SELECTOR = YES;
				GCC_WARN_UNINITIALIZED_AUTOS = YES_AGGRESSIVE;
				GCC_WARN_UNUSED_FUNCTION = YES;
				GCC_WARN_UNUSED_VARIABLE = YES;
				IPHONEOS_DEPLOYMENT_TARGET = 10.2;
				MTL_ENABLE_DEBUG_INFO = NO;
				SDKROOT = iphoneos;
				SWIFT_OPTIMIZATION_LEVEL = "-Owholemodule";
				TARGETED_DEVICE_FAMILY = "1,2";
				VALIDATE_PRODUCT = YES;
			};
			name = Release;
		};
		6FF0DA841EB5BCC40071850A /* Debug */ = {
			isa = XCBuildConfiguration;
			buildSettings = {
				ASSETCATALOG_COMPILER_APPICON_NAME = AppIcon;
				INFOPLIST_FILE = project/Info.plist;
				LD_RUNPATH_SEARCH_PATHS = "$(inherited) @executable_path/Frameworks";
				PRODUCT_BUNDLE_IDENTIFIER = Deakin.project;
				PRODUCT_NAME = "$(TARGET_NAME)";
				SWIFT_VERSION = 3.0;
			};
			name = Debug;
		};
		6FF0DA851EB5BCC40071850A /* Release */ = {
			isa = XCBuildConfiguration;
			buildSettings = {
				ASSETCATALOG_COMPILER_APPICON_NAME = AppIcon;
				INFOPLIST_FILE = project/Info.plist;
				LD_RUNPATH_SEARCH_PATHS = "$(inherited) @executable_path/Frameworks";
				PRODUCT_BUNDLE_IDENTIFIER = Deakin.project;
				PRODUCT_NAME = "$(TARGET_NAME)";
				SWIFT_VERSION = 3.0;
			};
			name = Release;
		};
		6FF0DA871EB5BCC40071850A /* Debug */ = {
			isa = XCBuildConfiguration;
			buildSettings = {
				ALWAYS_EMBED_SWIFT_STANDARD_LIBRARIES = YES;
				BUNDLE_LOADER = "$(TEST_HOST)";
				INFOPLIST_FILE = projectTests/Info.plist;
				LD_RUNPATH_SEARCH_PATHS = "$(inherited) @executable_path/Frameworks @loader_path/Frameworks";
				PRODUCT_BUNDLE_IDENTIFIER = Deakin.projectTests;
				PRODUCT_NAME = "$(TARGET_NAME)";
				SWIFT_VERSION = 3.0;
				TEST_HOST = "$(BUILT_PRODUCTS_DIR)/project.app/project";
			};
			name = Debug;
		};
		6FF0DA881EB5BCC40071850A /* Release */ = {
			isa = XCBuildConfiguration;
			buildSettings = {
				ALWAYS_EMBED_SWIFT_STANDARD_LIBRARIES = YES;
				BUNDLE_LOADER = "$(TEST_HOST)";
				INFOPLIST_FILE = projectTests/Info.plist;
				LD_RUNPATH_SEARCH_PATHS = "$(inherited) @executable_path/Frameworks @loader_path/Frameworks";
				PRODUCT_BUNDLE_IDENTIFIER = Deakin.projectTests;
				PRODUCT_NAME = "$(TARGET_NAME)";
				SWIFT_VERSION = 3.0;
				TEST_HOST = "$(BUILT_PRODUCTS_DIR)/project.app/project";
			};
			name = Release;
		};
		6FF0DA8A1EB5BCC40071850A /* Debug */ = {
			isa = XCBuildConfiguration;
			buildSettings = {
				ALWAYS_EMBED_SWIFT_STANDARD_LIBRARIES = YES;
				INFOPLIST_FILE = projectUITests/Info.plist;
				LD_RUNPATH_SEARCH_PATHS = "$(inherited) @executable_path/Frameworks @loader_path/Frameworks";
				PRODUCT_BUNDLE_IDENTIFIER = Deakin.projectUITests;
				PRODUCT_NAME = "$(TARGET_NAME)";
				SWIFT_VERSION = 3.0;
				TEST_TARGET_NAME = project;
			};
			name = Debug;
		};
		6FF0DA8B1EB5BCC40071850A /* Release */ = {
			isa = XCBuildConfiguration;
			buildSettings = {
				ALWAYS_EMBED_SWIFT_STANDARD_LIBRARIES = YES;
				INFOPLIST_FILE = projectUITests/Info.plist;
				LD_RUNPATH_SEARCH_PATHS = "$(inherited) @executable_path/Frameworks @loader_path/Frameworks";
				PRODUCT_BUNDLE_IDENTIFIER = Deakin.projectUITests;
				PRODUCT_NAME = "$(TARGET_NAME)";
				SWIFT_VERSION = 3.0;
				TEST_TARGET_NAME = project;
			};
			name = Release;
		};
/* End XCBuildConfiguration section */

/* Begin XCConfigurationList section */
		6FF0DA561EB5BCC30071850A /* Build configuration list for PBXProject "project" */ = {
			isa = XCConfigurationList;
			buildConfigurations = (
				6FF0DA811EB5BCC40071850A /* Debug */,
				6FF0DA821EB5BCC40071850A /* Release */,
			);
			defaultConfigurationIsVisible = 0;
			defaultConfigurationName = Release;
		};
		6FF0DA831EB5BCC40071850A /* Build configuration list for PBXNativeTarget "project" */ = {
			isa = XCConfigurationList;
			buildConfigurations = (
				6FF0DA841EB5BCC40071850A /* Debug */,
				6FF0DA851EB5BCC40071850A /* Release */,
			);
			defaultConfigurationIsVisible = 0;
			defaultConfigurationName = Release;
		};
		6FF0DA861EB5BCC40071850A /* Build configuration list for PBXNativeTarget "projectTests" */ = {
			isa = XCConfigurationList;
			buildConfigurations = (
				6FF0DA871EB5BCC40071850A /* Debug */,
				6FF0DA881EB5BCC40071850A /* Release */,
			);
			defaultConfigurationIsVisible = 0;
			defaultConfigurationName = Release;
		};
		6FF0DA891EB5BCC40071850A /* Build configuration list for PBXNativeTarget "projectUITests" */ = {
			isa = XCConfigurationList;
			buildConfigurations = (
				6FF0DA8A1EB5BCC40071850A /* Debug */,
				6FF0DA8B1EB5BCC40071850A /* Release */,
			);
			defaultConfigurationIsVisible = 0;
			defaultConfigurationName = Release;
		};
/* End XCConfigurationList section */
	};
	rootObject = 6FF0DA531EB5BCC30071850A /* Project object */;
}
